
Microsoft Visual Studio Solution File, Format Version 12.00
# Visual Studio Version 17
VisualStudioVersion = 17.1.32113.165
MinimumVisualStudioVersion = 10.0.40219.1
Project("{FAE04EC0-301F-11D3-BF4B-00C04F79EFBC}") = "VeldridView.UWP", "VeldridView\VeldridView.UWP\VeldridView.UWP.csproj", "{002F6815-4100-42E1-81CE-D49BEA7E0726}"
EndProject
Project("{FAE04EC0-301F-11D3-BF4B-00C04F79EFBC}") = "VeldridView.Android", "VeldridView\VeldridView.Android\VeldridView.Android.csproj", "{264047F5-AF1E-481C-8931-347C129BADB3}"
EndProject
Project("{9A19103F-16F7-4668-BE54-9A1E7A4F7556}") = "VeldridView", "VeldridView\VeldridView\VeldridView.csproj", "{9EF47347-E42F-4477-98D3-AB66B901DCE5}"
EndProject
Project("{FAE04EC0-301F-11D3-BF4B-00C04F79EFBC}") = "VeldridView.WPF", "VeldridView\VeldridView.WPF\VeldridView.WPF.csproj", "{4EEFAF74-ABF4-4A7F-B4F1-0FC4B39E6316}"
EndProject
Project("{2150E333-8FDC-42A3-9474-1A3956D46DE8}") = "Solution Items", "Solution Items", "{750ED972-CC2E-40FF-8D06-E0CB26424605}"
	ProjectSection(SolutionItems) = preProject
		.gitignore = .gitignore
		LICENSE = LICENSE
		README.md = README.md
	EndProjectSection
EndProject
Global
	GlobalSection(SolutionConfigurationPlatforms) = preSolution
		Debug|Any CPU = Debug|Any CPU
		Debug|ARM = Debug|ARM
		Debug|iPhone = Debug|iPhone
		Debug|iPhoneSimulator = Debug|iPhoneSimulator
		Debug|x64 = Debug|x64
		Debug|x86 = Debug|x86
		Release|Any CPU = Release|Any CPU
		Release|ARM = Release|ARM
		Release|iPhone = Release|iPhone
		Release|iPhoneSimulator = Release|iPhoneSimulator
		Release|x64 = Release|x64
		Release|x86 = Release|x86
	EndGlobalSection
	GlobalSection(ProjectConfigurationPlatforms) = postSolution
		{002F6815-4100-42E1-81CE-D49BEA7E0726}.Debug|Any CPU.ActiveCfg = Debug|x86
		{002F6815-4100-42E1-81CE-D49BEA7E0726}.Debug|Any CPU.Build.0 = Debug|x86
		{002F6815-4100-42E1-81CE-D49BEA7E0726}.Debug|Any CPU.Deploy.0 = Debug|x86
		{002F6815-4100-42E1-81CE-D49BEA7E0726}.Debug|ARM.ActiveCfg = Debug|ARM
		{002F6815-4100-42E1-81CE-D49BEA7E0726}.Debug|ARM.Build.0 = Debug|ARM
		{002F6815-4100-42E1-81CE-D49BEA7E0726}.Debug|ARM.Deploy.0 = Debug|ARM
		{002F6815-4100-42E1-81CE-D49BEA7E0726}.Debug|iPhone.ActiveCfg = Debug|x86
		{002F6815-4100-42E1-81CE-D49BEA7E0726}.Debug|iPhone.Build.0 = Debug|x86
		{002F6815-4100-42E1-81CE-D49BEA7E0726}.Debug|iPhone.Deploy.0 = Debug|x86
		{002F6815-4100-42E1-81CE-D49BEA7E0726}.Debug|iPhoneSimulator.ActiveCfg = Debug|x86
		{002F6815-4100-42E1-81CE-D49BEA7E0726}.Debug|iPhoneSimulator.Build.0 = Debug|x86
		{002F6815-4100-42E1-81CE-D49BEA7E0726}.Debug|iPhoneSimulator.Deploy.0 = Debug|x86
		{002F6815-4100-42E1-81CE-D49BEA7E0726}.Debug|x64.ActiveCfg = Debug|x64
		{002F6815-4100-42E1-81CE-D49BEA7E0726}.Debug|x64.Build.0 = Debug|x64
		{002F6815-4100-42E1-81CE-D49BEA7E0726}.Debug|x64.Deploy.0 = Debug|x64
		{002F6815-4100-42E1-81CE-D49BEA7E0726}.Debug|x86.ActiveCfg = Debug|x86
		{002F6815-4100-42E1-81CE-D49BEA7E0726}.Debug|x86.Build.0 = Debug|x86
		{002F6815-4100-42E1-81CE-D49BEA7E0726}.Debug|x86.Deploy.0 = Debug|x86
		{002F6815-4100-42E1-81CE-D49BEA7E0726}.Release|Any CPU.ActiveCfg = Release|x86
		{002F6815-4100-42E1-81CE-D49BEA7E0726}.Release|Any CPU.Build.0 = Release|x86
		{002F6815-4100-42E1-81CE-D49BEA7E0726}.Release|Any CPU.Deploy.0 = Release|x86
		{002F6815-4100-42E1-81CE-D49BEA7E0726}.Release|ARM.ActiveCfg = Release|ARM
		{002F6815-4100-42E1-81CE-D49BEA7E0726}.Release|ARM.Build.0 = Release|ARM
		{002F6815-4100-42E1-81CE-D49BEA7E0726}.Release|ARM.Deploy.0 = Release|ARM
		{002F6815-4100-42E1-81CE-D49BEA7E0726}.Release|iPhone.ActiveCfg = Release|x86
		{002F6815-4100-42E1-81CE-D49BEA7E0726}.Release|iPhone.Build.0 = Release|x86
		{002F6815-4100-42E1-81CE-D49BEA7E0726}.Release|iPhone.Deploy.0 = Release|x86
		{002F6815-4100-42E1-81CE-D49BEA7E0726}.Release|iPhoneSimulator.ActiveCfg = Release|x86
		{002F6815-4100-42E1-81CE-D49BEA7E0726}.Release|iPhoneSimulator.Build.0 = Release|x86
		{002F6815-4100-42E1-81CE-D49BEA7E0726}.Release|iPhoneSimulator.Deploy.0 = Release|x86
		{002F6815-4100-42E1-81CE-D49BEA7E0726}.Release|x64.ActiveCfg = Release|x64
		{002F6815-4100-42E1-81CE-D49BEA7E0726}.Release|x64.Build.0 = Release|x64
		{002F6815-4100-42E1-81CE-D49BEA7E0726}.Release|x64.Deploy.0 = Release|x64
		{002F6815-4100-42E1-81CE-D49BEA7E0726}.Release|x86.ActiveCfg = Release|x86
		{002F6815-4100-42E1-81CE-D49BEA7E0726}.Release|x86.Build.0 = Release|x86
		{002F6815-4100-42E1-81CE-D49BEA7E0726}.Release|x86.Deploy.0 = Release|x86
		{264047F5-AF1E-481C-8931-347C129BADB3}.Debug|Any CPU.ActiveCfg = Debug|Any CPU
		{264047F5-AF1E-481C-8931-347C129BADB3}.Debug|Any CPU.Build.0 = Debug|Any CPU
		{264047F5-AF1E-481C-8931-347C129BADB3}.Debug|Any CPU.Deploy.0 = Debug|Any CPU
		{264047F5-AF1E-481C-8931-347C129BADB3}.Debug|ARM.ActiveCfg = Debug|Any CPU
		{264047F5-AF1E-481C-8931-347C129BADB3}.Debug|ARM.Build.0 = Debug|Any CPU
		{264047F5-AF1E-481C-8931-347C129BADB3}.Debug|ARM.Deploy.0 = Debug|Any CPU
		{264047F5-AF1E-481C-8931-347C129BADB3}.Debug|iPhone.ActiveCfg = Debug|Any CPU
		{264047F5-AF1E-481C-8931-347C129BADB3}.Debug|iPhone.Build.0 = Debug|Any CPU
		{264047F5-AF1E-481C-8931-347C129BADB3}.Debug|iPhone.Deploy.0 = Debug|Any CPU
		{264047F5-AF1E-481C-8931-347C129BADB3}.Debug|iPhoneSimulator.ActiveCfg = Debug|Any CPU
		{264047F5-AF1E-481C-8931-347C129BADB3}.Debug|iPhoneSimulator.Build.0 = Debug|Any CPU
		{264047F5-AF1E-481C-8931-347C129BADB3}.Debug|iPhoneSimulator.Deploy.0 = Debug|Any CPU
		{264047F5-AF1E-481C-8931-347C129BADB3}.Debug|x64.ActiveCfg = Debug|Any CPU
		{264047F5-AF1E-481C-8931-347C129BADB3}.Debug|x64.Build.0 = Debug|Any CPU
		{264047F5-AF1E-481C-8931-347C129BADB3}.Debug|x64.Deploy.0 = Debug|Any CPU
		{264047F5-AF1E-481C-8931-347C129BADB3}.Debug|x86.ActiveCfg = Debug|Any CPU
		{264047F5-AF1E-481C-8931-347C129BADB3}.Debug|x86.Build.0 = Debug|Any CPU
		{264047F5-AF1E-481C-8931-347C129BADB3}.Debug|x86.Deploy.0 = Debug|Any CPU
		{264047F5-AF1E-481C-8931-347C129BADB3}.Release|Any CPU.ActiveCfg = Release|Any CPU
		{264047F5-AF1E-481C-8931-347C129BADB3}.Release|Any CPU.Build.0 = Release|Any CPU
		{264047F5-AF1E-481C-8931-347C129BADB3}.Release|Any CPU.Deploy.0 = Release|Any CPU
		{264047F5-AF1E-481C-8931-347C129BADB3}.Release|ARM.ActiveCfg = Release|Any CPU
		{264047F5-AF1E-481C-8931-347C129BADB3}.Release|ARM.Build.0 = Release|Any CPU
		{264047F5-AF1E-481C-8931-347C129BADB3}.Release|ARM.Deploy.0 = Release|Any CPU
		{264047F5-AF1E-481C-8931-347C129BADB3}.Release|iPhone.ActiveCfg = Release|Any CPU
		{264047F5-AF1E-481C-8931-347C129BADB3}.Release|iPhone.Build.0 = Release|Any CPU
		{264047F5-AF1E-481C-8931-347C129BADB3}.Release|iPhone.Deploy.0 = Release|Any CPU
		{264047F5-AF1E-481C-8931-347C129BADB3}.Release|iPhoneSimulator.ActiveCfg = Release|Any CPU
		{264047F5-AF1E-481C-8931-347C129BADB3}.Release|iPhoneSimulator.Build.0 = Release|Any CPU
		{264047F5-AF1E-481C-8931-347C129BADB3}.Release|iPhoneSimulator.Deploy.0 = Release|Any CPU
		{264047F5-AF1E-481C-8931-347C129BADB3}.Release|x64.ActiveCfg = Release|Any CPU
		{264047F5-AF1E-481C-8931-347C129BADB3}.Release|x64.Build.0 = Release|Any CPU
		{264047F5-AF1E-481C-8931-347C129BADB3}.Release|x64.Deploy.0 = Release|Any CPU
		{264047F5-AF1E-481C-8931-347C129BADB3}.Release|x86.ActiveCfg = Release|Any CPU
		{264047F5-AF1E-481C-8931-347C129BADB3}.Release|x86.Build.0 = Release|Any CPU
		{264047F5-AF1E-481C-8931-347C129BADB3}.Release|x86.Deploy.0 = Release|Any CPU
		{9EF47347-E42F-4477-98D3-AB66B901DCE5}.Debug|Any CPU.ActiveCfg = Debug|Any CPU
		{9EF47347-E42F-4477-98D3-AB66B901DCE5}.Debug|Any CPU.Build.0 = Debug|Any CPU
		{9EF47347-E42F-4477-98D3-AB66B901DCE5}.Debug|Any CPU.Deploy.0 = Debug|Any CPU
		{9EF47347-E42F-4477-98D3-AB66B901DCE5}.Debug|ARM.ActiveCfg = Debug|Any CPU
		{9EF47347-E42F-4477-98D3-AB66B901DCE5}.Debug|ARM.Build.0 = Debug|Any CPU
		{9EF47347-E42F-4477-98D3-AB66B901DCE5}.Debug|ARM.Deploy.0 = Debug|Any CPU
		{9EF47347-E42F-4477-98D3-AB66B901DCE5}.Debug|iPhone.ActiveCfg = Debug|Any CPU
		{9EF47347-E42F-4477-98D3-AB66B901DCE5}.Debug|iPhone.Build.0 = Debug|Any CPU
		{9EF47347-E42F-4477-98D3-AB66B901DCE5}.Debug|iPhone.Deploy.0 = Debug|Any CPU
		{9EF47347-E42F-4477-98D3-AB66B901DCE5}.Debug|iPhoneSimulator.ActiveCfg = Debug|Any CPU
		{9EF47347-E42F-4477-98D3-AB66B901DCE5}.Debug|iPhoneSimulator.Build.0 = Debug|Any CPU
		{9EF47347-E42F-4477-98D3-AB66B901DCE5}.Debug|iPhoneSimulator.Deploy.0 = Debug|Any CPU
		{9EF47347-E42F-4477-98D3-AB66B901DCE5}.Debug|x64.ActiveCfg = Debug|Any CPU
		{9EF47347-E42F-4477-98D3-AB66B901DCE5}.Debug|x64.Build.0 = Debug|Any CPU
		{9EF47347-E42F-4477-98D3-AB66B901DCE5}.Debug|x64.Deploy.0 = Debug|Any CPU
		{9EF47347-E42F-4477-98D3-AB66B901DCE5}.Debug|x86.ActiveCfg = Debug|Any CPU
		{9EF47347-E42F-4477-98D3-AB66B901DCE5}.Debug|x86.Build.0 = Debug|Any CPU
		{9EF47347-E42F-4477-98D3-AB66B901DCE5}.Debug|x86.Deploy.0 = Debug|Any CPU
		{9EF47347-E42F-4477-98D3-AB66B901DCE5}.Release|Any CPU.ActiveCfg = Release|Any CPU
		{9EF47347-E42F-4477-98D3-AB66B901DCE5}.Release|Any CPU.Build.0 = Release|Any CPU
		{9EF47347-E42F-4477-98D3-AB66B901DCE5}.Release|Any CPU.Deploy.0 = Release|Any CPU
		{9EF47347-E42F-4477-98D3-AB66B901DCE5}.Release|ARM.ActiveCfg = Release|Any CPU
		{9EF47347-E42F-4477-98D3-AB66B901DCE5}.Release|ARM.Build.0 = Release|Any CPU
		{9EF47347-E42F-4477-98D3-AB66B901DCE5}.Release|ARM.Deploy.0 = Release|Any CPU
		{9EF47347-E42F-4477-98D3-AB66B901DCE5}.Release|iPhone.ActiveCfg = Release|Any CPU
		{9EF47347-E42F-4477-98D3-AB66B901DCE5}.Release|iPhone.Build.0 = Release|Any CPU
		{9EF47347-E42F-4477-98D3-AB66B901DCE5}.Release|iPhone.Deploy.0 = Release|Any CPU
		{9EF47347-E42F-4477-98D3-AB66B901DCE5}.Release|iPhoneSimulator.ActiveCfg = Release|Any CPU
		{9EF47347-E42F-4477-98D3-AB66B901DCE5}.Release|iPhoneSimulator.Build.0 = Release|Any CPU
		{9EF47347-E42F-4477-98D3-AB66B901DCE5}.Release|iPhoneSimulator.Deploy.0 = Release|Any CPU
		{9EF47347-E42F-4477-98D3-AB66B901DCE5}.Release|x64.ActiveCfg = Release|Any CPU
		{9EF47347-E42F-4477-98D3-AB66B901DCE5}.Release|x64.Build.0 = Release|Any CPU
		{9EF47347-E42F-4477-98D3-AB66B901DCE5}.Release|x64.Deploy.0 = Release|Any CPU
		{9EF47347-E42F-4477-98D3-AB66B901DCE5}.Release|x86.ActiveCfg = Release|Any CPU
		{9EF47347-E42F-4477-98D3-AB66B901DCE5}.Release|x86.Build.0 = Release|Any CPU
		{9EF47347-E42F-4477-98D3-AB66B901DCE5}.Release|x86.Deploy.0 = Release|Any CPU
		{4EEFAF74-ABF4-4A7F-B4F1-0FC4B39E6316}.Debug|Any CPU.ActiveCfg = Debug|Any CPU
		{4EEFAF74-ABF4-4A7F-B4F1-0FC4B39E6316}.Debug|Any CPU.Build.0 = Debug|Any CPU
		{4EEFAF74-ABF4-4A7F-B4F1-0FC4B39E6316}.Debug|ARM.ActiveCfg = Debug|Any CPU
		{4EEFAF74-ABF4-4A7F-B4F1-0FC4B39E6316}.Debug|ARM.Build.0 = Debug|Any CPU
		{4EEFAF74-ABF4-4A7F-B4F1-0FC4B39E6316}.Debug|iPhone.ActiveCfg = Debug|Any CPU
		{4EEFAF74-ABF4-4A7F-B4F1-0FC4B39E6316}.Debug|iPhone.Build.0 = Debug|Any CPU
		{4EEFAF74-ABF4-4A7F-B4F1-0FC4B39E6316}.Debug|iPhoneSimulator.ActiveCfg = Debug|Any CPU
		{4EEFAF74-ABF4-4A7F-B4F1-0FC4B39E6316}.Debug|iPhoneSimulator.Build.0 = Debug|Any CPU
		{4EEFAF74-ABF4-4A7F-B4F1-0FC4B39E6316}.Debug|x64.ActiveCfg = Debug|Any CPU
		{4EEFAF74-ABF4-4A7F-B4F1-0FC4B39E6316}.Debug|x64.Build.0 = Debug|Any CPU
		{4EEFAF74-ABF4-4A7F-B4F1-0FC4B39E6316}.Debug|x86.ActiveCfg = Debug|Any CPU
		{4EEFAF74-ABF4-4A7F-B4F1-0FC4B39E6316}.Debug|x86.Build.0 = Debug|Any CPU
		{4EEFAF74-ABF4-4A7F-B4F1-0FC4B39E6316}.Release|Any CPU.ActiveCfg = Release|Any CPU
		{4EEFAF74-ABF4-4A7F-B4F1-0FC4B39E6316}.Release|Any CPU.Build.0 = Release|Any CPU
		{4EEFAF74-ABF4-4A7F-B4F1-0FC4B39E6316}.Release|ARM.ActiveCfg = Release|Any CPU
		{4EEFAF74-ABF4-4A7F-B4F1-0FC4B39E6316}.Release|ARM.Build.0 = Release|Any CPU
		{4EEFAF74-ABF4-4A7F-B4F1-0FC4B39E6316}.Release|iPhone.ActiveCfg = Release|Any CPU
		{4EEFAF74-ABF4-4A7F-B4F1-0FC4B39E6316}.Release|iPhone.Build.0 = Release|Any CPU
		{4EEFAF74-ABF4-4A7F-B4F1-0FC4B39E6316}.Release|iPhoneSimulator.ActiveCfg = Release|Any CPU
		{4EEFAF74-ABF4-4A7F-B4F1-0FC4B39E6316}.Release|iPhoneSimulator.Build.0 = Release|Any CPU
		{4EEFAF74-ABF4-4A7F-B4F1-0FC4B39E6316}.Release|x64.ActiveCfg = Release|Any CPU
		{4EEFAF74-ABF4-4A7F-B4F1-0FC4B39E6316}.Release|x64.Build.0 = Release|Any CPU
		{4EEFAF74-ABF4-4A7F-B4F1-0FC4B39E6316}.Release|x86.ActiveCfg = Release|Any CPU
		{4EEFAF74-ABF4-4A7F-B4F1-0FC4B39E6316}.Release|x86.Build.0 = Release|Any CPU
	EndGlobalSection
	GlobalSection(SolutionProperties) = preSolution
		HideSolutionNode = FALSE
	EndGlobalSection
	GlobalSection(ExtensibilityGlobals) = postSolution
		SolutionGuid = {ED59D286-9F59-4268-90E3-37EC8F27D8FE}
	EndGlobalSection
EndGlobal
